
Microsoft Visual Studio Solution File, Format Version 12.00
# Visual Studio Version 17
VisualStudioVersion = 17.14.36511.14 d17.14
MinimumVisualStudioVersion = 10.0.40219.1
Project("{FAE04EC0-301F-11D3-BF4B-00C04F79EFBC}") = "FitnessCenterApp.ClientService", "FitnessCenterApp.ClientService\FitnessCenterApp.ClientService.csproj", "{DDF59CE9-6AE7-4CC1-97DC-A6701B402C89}"
EndProject
Project("{FAE04EC0-301F-11D3-BF4B-00C04F79EFBC}") = "FitnessCenterApp.Shared", "FitnessCenterApp.Shared\FitnessCenterApp.Shared.csproj", "{27073E04-F92A-4AD0-A0C7-2645A4E96DAF}"
EndProject
Global
	GlobalSection(SolutionConfigurationPlatforms) = preSolution
		Debug|Any CPU = Debug|Any CPU
		Release|Any CPU = Release|Any CPU
	EndGlobalSection
	GlobalSection(ProjectConfigurationPlatforms) = postSolution
		{DDF59CE9-6AE7-4CC1-97DC-A6701B402C89}.Debug|Any CPU.ActiveCfg = Debug|Any CPU
		{DDF59CE9-6AE7-4CC1-97DC-A6701B402C89}.Debug|Any CPU.Build.0 = Debug|Any CPU
		{DDF59CE9-6AE7-4CC1-97DC-A6701B402C89}.Release|Any CPU.ActiveCfg = Release|Any CPU
		{DDF59CE9-6AE7-4CC1-97DC-A6701B402C89}.Release|Any CPU.Build.0 = Release|Any CPU
		{27073E04-F92A-4AD0-A0C7-2645A4E96DAF}.Debug|Any CPU.ActiveCfg = Debug|Any CPU
		{27073E04-F92A-4AD0-A0C7-2645A4E96DAF}.Debug|Any CPU.Build.0 = Debug|Any CPU
		{27073E04-F92A-4AD0-A0C7-2645A4E96DAF}.Release|Any CPU.ActiveCfg = Release|Any CPU
		{27073E04-F92A-4AD0-A0C7-2645A4E96DAF}.Release|Any CPU.Build.0 = Release|Any CPU
	EndGlobalSection
	GlobalSection(SolutionProperties) = preSolution
		HideSolutionNode = FALSE
	EndGlobalSection
	GlobalSection(ExtensibilityGlobals) = postSolution
		SolutionGuid = {D2AB94B9-2E59-42ED-ABC9-F461F6DE9B14}
	EndGlobalSection
EndGlobal
